
Microsoft Visual Studio Solution File, Format Version 12.00
# Visual Studio Express 14 for Windows Desktop
VisualStudioVersion = 14.0.24720.0
MinimumVisualStudioVersion = 10.0.40219.1
Project("{FAE04EC0-301F-11D3-BF4B-00C04F79EFBC}") = "StormSpiritRewrite", "StormSpiritRewrite\StormSpiritRewrite.csproj", "{665DDA45-0728-4FC3-91D6-EE2048079707}"
EndProject
Project("{FAE04EC0-301F-11D3-BF4B-00C04F79EFBC}") = "StormSharp", "..\StormSharp\StormSharp\StormSharp.csproj", "{75225C7E-F958-41F8-A735-DB6701406428}"
EndProject
Global
	GlobalSection(SolutionConfigurationPlatforms) = preSolution
		Debug|Any CPU = Debug|Any CPU
		Debug|x64 = Debug|x64
		Debug|x86 = Debug|x86
		Release|Any CPU = Release|Any CPU
		Release|x64 = Release|x64
		Release|x86 = Release|x86
	EndGlobalSection
	GlobalSection(ProjectConfigurationPlatforms) = postSolution
		{665DDA45-0728-4FC3-91D6-EE2048079707}.Debug|Any CPU.ActiveCfg = Debug|Any CPU
		{665DDA45-0728-4FC3-91D6-EE2048079707}.Debug|Any CPU.Build.0 = Debug|Any CPU
		{665DDA45-0728-4FC3-91D6-EE2048079707}.Debug|x64.ActiveCfg = Debug|Any CPU
		{665DDA45-0728-4FC3-91D6-EE2048079707}.Debug|x64.Build.0 = Debug|Any CPU
		{665DDA45-0728-4FC3-91D6-EE2048079707}.Debug|x86.ActiveCfg = Debug|Any CPU
		{665DDA45-0728-4FC3-91D6-EE2048079707}.Debug|x86.Build.0 = Debug|Any CPU
		{665DDA45-0728-4FC3-91D6-EE2048079707}.Release|Any CPU.ActiveCfg = Release|Any CPU
		{665DDA45-0728-4FC3-91D6-EE2048079707}.Release|Any CPU.Build.0 = Release|Any CPU
		{665DDA45-0728-4FC3-91D6-EE2048079707}.Release|x64.ActiveCfg = Release|Any CPU
		{665DDA45-0728-4FC3-91D6-EE2048079707}.Release|x64.Build.0 = Release|Any CPU
		{665DDA45-0728-4FC3-91D6-EE2048079707}.Release|x86.ActiveCfg = Release|Any CPU
		{665DDA45-0728-4FC3-91D6-EE2048079707}.Release|x86.Build.0 = Release|Any CPU
		{75225C7E-F958-41F8-A735-DB6701406428}.Debug|Any CPU.ActiveCfg = Debug|Any CPU
		{75225C7E-F958-41F8-A735-DB6701406428}.Debug|Any CPU.Build.0 = Debug|Any CPU
		{75225C7E-F958-41F8-A735-DB6701406428}.Debug|x64.ActiveCfg = Debug|Any CPU
		{75225C7E-F958-41F8-A735-DB6701406428}.Debug|x64.Build.0 = Debug|Any CPU
		{75225C7E-F958-41F8-A735-DB6701406428}.Debug|x64.Deploy.0 = Debug|Any CPU
		{75225C7E-F958-41F8-A735-DB6701406428}.Debug|x86.ActiveCfg = Debug|Any CPU
		{75225C7E-F958-41F8-A735-DB6701406428}.Debug|x86.Build.0 = Debug|Any CPU
		{75225C7E-F958-41F8-A735-DB6701406428}.Release|Any CPU.ActiveCfg = Release|Any CPU
		{75225C7E-F958-41F8-A735-DB6701406428}.Release|Any CPU.Build.0 = Release|Any CPU
		{75225C7E-F958-41F8-A735-DB6701406428}.Release|x64.ActiveCfg = Release|Any CPU
		{75225C7E-F958-41F8-A735-DB6701406428}.Release|x64.Build.0 = Release|Any CPU
		{75225C7E-F958-41F8-A735-DB6701406428}.Release|x86.ActiveCfg = Release|Any CPU
		{75225C7E-F958-41F8-A735-DB6701406428}.Release|x86.Build.0 = Release|Any CPU
	EndGlobalSection
	GlobalSection(SolutionProperties) = preSolution
		HideSolutionNode = FALSE
	EndGlobalSection
EndGlobal
